
Microsoft Visual Studio Solution File, Format Version 12.00
# Visual Studio Version 16
VisualStudioVersion = 16.0.29613.14
MinimumVisualStudioVersion = 10.0.40219.1
Project("{FAE04EC0-301F-11D3-BF4B-00C04F79EFBC}") = "WebApiVirtualStore", "WebApiVirtualStore\WebApiVirtualStore.csproj", "{6B627509-4815-42CB-B03E-847D3BB6BD7B}"
EndProject
Global
	GlobalSection(SolutionConfigurationPlatforms) = preSolution
		Debug|Any CPU = Debug|Any CPU
		Release|Any CPU = Release|Any CPU
	EndGlobalSection
	GlobalSection(ProjectConfigurationPlatforms) = postSolution
		{6B627509-4815-42CB-B03E-847D3BB6BD7B}.Debug|Any CPU.ActiveCfg = Debug|Any CPU
		{6B627509-4815-42CB-B03E-847D3BB6BD7B}.Debug|Any CPU.Build.0 = Debug|Any CPU
		{6B627509-4815-42CB-B03E-847D3BB6BD7B}.Release|Any CPU.ActiveCfg = Release|Any CPU
		{6B627509-4815-42CB-B03E-847D3BB6BD7B}.Release|Any CPU.Build.0 = Release|Any CPU
	EndGlobalSection
	GlobalSection(SolutionProperties) = preSolution
		HideSolutionNode = FALSE
	EndGlobalSection
	GlobalSection(ExtensibilityGlobals) = postSolution
		SolutionGuid = {381E28D1-9C17-4474-9913-89430B569C14}
	EndGlobalSection
EndGlobal
